{
    "_readme": [
        "This file locks the dependencies of your project to a known state",
        "Read more about it at https://getcomposer.org/doc/01-basic-usage.md#installing-dependencies",
        "This file is @generated automatically"
    ],
    "content-hash": "fb8a6b1359ca31a3b3652266146d2757",
    "packages": [
        {
            "name": "primal/color",
            "version": "1.0.1",
            "source": {
                "type": "git",
                "url": "https://github.com/PrimalPHP/Color.git",
                "reference": "dca054972fd09cba33f51675878030305b85030a"
            },
            "dist": {
                "type": "zip",
                "url": "https://api.github.com/repos/PrimalPHP/Color/zipball/dca054972fd09cba33f51675878030305b85030a",
                "reference": "dca054972fd09cba33f51675878030305b85030a",
                "shasum": ""
            },
            "require": {
                "php": ">=5.3.3"
            },
            "require-dev": {
                "phpunit/phpunit": "~4.0"
            },
            "type": "library",
            "extra": {
                "branch-alias": {
                    "dev-master": "1.0.x-dev"
                }
            },
            "autoload": {
                "psr-0": {
                    "Primal\\Color": "lib/"
                }
            },
            "notification-url": "https://packagist.org/downloads/",
            "license": [
                "MIT"
            ],
            "authors": [
                {
                    "name": "Jarvis Badgley",
                    "email": "primal@chipersoft.com",
                    "homepage": "http://chipersoft.com"
                }
            ],
            "description": "Collection of classes for converting and manipulating colors",
            "homepage": "http://github.com/PrimalPHP/Color",
            "keywords": [
                "color"
            ],
            "time": "2017-07-10T16:28:36+00:00"
        }
    ],
    "packages-dev": [],
    "aliases": [],
    "minimum-stability": "stable",
    "stability-flags": [],
    "prefer-stable": false,
    "prefer-lowest": false,
    "platform": [],
    "platform-dev": []
}
